// !$*UTF8*$!
{
	archiveVersion = 1;
	classes = {
	};
	objectVersion = 56;
	objects = {

/* Begin PBXBuildFile section */
		E8F48AFA2B89093F007C1D28 /* CameraLiveCaptureTestingApp.swift in Sources */ = {isa = PBXBuildFile; fileRef = E8F48AF92B89093F007C1D28 /* CameraLiveCaptureTestingApp.swift */; };
		E8F48AFC2B89093F007C1D28 /* MainView.swift in Sources */ = {isa = PBXBuildFile; fileRef = E8F48AFB2B89093F007C1D28 /* MainView.swift */; };
		E8F48AFE2B890940007C1D28 /* Assets.xcassets in Resources */ = {isa = PBXBuildFile; fileRef = E8F48AFD2B890940007C1D28 /* Assets.xcassets */; };
		E8F48B012B890940007C1D28 /* Preview Assets.xcassets in Resources */ = {isa = PBXBuildFile; fileRef = E8F48B002B890940007C1D28 /* Preview Assets.xcassets */; };
		E8F48B082B891850007C1D28 /* CameraPreview.swift in Sources */ = {isa = PBXBuildFile; fileRef = E8F48B072B891850007C1D28 /* CameraPreview.swift */; };
		E8F48B0A2B8918E5007C1D28 /* UIDeviceOrientation+videoRotationAngle.swift in Sources */ = {isa = PBXBuildFile; fileRef = E8F48B092B8918E5007C1D28 /* UIDeviceOrientation+videoRotationAngle.swift */; };
		E8F48B0C2B891908007C1D28 /* CameraView.swift in Sources */ = {isa = PBXBuildFile; fileRef = E8F48B0B2B891908007C1D28 /* CameraView.swift */; };
		E8F48B0E2B8919B8007C1D28 /* CameraViewModel.swift in Sources */ = {isa = PBXBuildFile; fileRef = E8F48B0D2B8919B8007C1D28 /* CameraViewModel.swift */; };
/* End PBXBuildFile section */

/* Begin PBXFileReference section */
		E8F48AF62B89093F007C1D28 /* CameraLiveCaptureTesting.app */ = {isa = PBXFileReference; explicitFileType = wrapper.application; includeInIndex = 0; path = CameraLiveCaptureTesting.app; sourceTree = BUILT_PRODUCTS_DIR; };
		E8F48AF92B89093F007C1D28 /* CameraLiveCaptureTestingApp.swift */ = {isa = PBXFileReference; lastKnownFileType = sourcecode.swift; path = CameraLiveCaptureTestingApp.swift; sourceTree = "<group>"; };
		E8F48AFB2B89093F007C1D28 /* MainView.swift */ = {isa = PBXFileReference; lastKnownFileType = sourcecode.swift; path = MainView.swift; sourceTree = "<group>"; };
		E8F48AFD2B890940007C1D28 /* Assets.xcassets */ = {isa = PBXFileReference; lastKnownFileType = folder.assetcatalog; path = Assets.xcassets; sourceTree = "<group>"; };
		E8F48B002B890940007C1D28 /* Preview Assets.xcassets */ = {isa = PBXFileReference; lastKnownFileType = folder.assetcatalog; path = "Preview Assets.xcassets"; sourceTree = "<group>"; };
		E8F48B072B891850007C1D28 /* CameraPreview.swift */ = {isa = PBXFileReference; lastKnownFileType = sourcecode.swift; path = CameraPreview.swift; sourceTree = "<group>"; };
		E8F48B092B8918E5007C1D28 /* UIDeviceOrientation+videoRotationAngle.swift */ = {isa = PBXFileReference; lastKnownFileType = sourcecode.swift; path = "UIDeviceOrientation+videoRotationAngle.swift"; sourceTree = "<group>"; };
		E8F48B0B2B891908007C1D28 /* CameraView.swift */ = {isa = PBXFileReference; lastKnownFileType = sourcecode.swift; path = CameraView.swift; sourceTree = "<group>"; };
		E8F48B0D2B8919B8007C1D28 /* CameraViewModel.swift */ = {isa = PBXFileReference; lastKnownFileType = sourcecode.swift; path = CameraViewModel.swift; sourceTree = "<group>"; };
/* End PBXFileReference section */

/* Begin PBXFrameworksBuildPhase section */
		E8F48AF32B89093F007C1D28 /* Frameworks */ = {
			isa = PBXFrameworksBuildPhase;
			buildActionMask = 2147483647;
			files = (
			);
			runOnlyForDeploymentPostprocessing = 0;
		};
/* End PBXFrameworksBuildPhase section */

/* Begin PBXGroup section */
		E8F48AED2B89093F007C1D28 = {
			isa = PBXGroup;
			children = (
				E8F48AF82B89093F007C1D28 /* CameraLiveCaptureTesting */,
				E8F48AF72B89093F007C1D28 /* Products */,
			);
			sourceTree = "<group>";
		};
		E8F48AF72B89093F007C1D28 /* Products */ = {
			isa = PBXGroup;
			children = (
				E8F48AF62B89093F007C1D28 /* CameraLiveCaptureTesting.app */,
			);
			name = Products;
			sourceTree = "<group>";
		};
		E8F48AF82B89093F007C1D28 /* CameraLiveCaptureTesting */ = {
			isa = PBXGroup;
			children = (
				E8F48B132B891AA6007C1D28 /* ViewModel */,
				E8F48B112B891A91007C1D28 /* Views */,
				E8F48B102B891A7E007C1D28 /* App */,
				E8F48B0F2B891A72007C1D28 /* Extensions */,
				E8F48AFD2B890940007C1D28 /* Assets.xcassets */,
				E8F48AFF2B890940007C1D28 /* Preview Content */,
			);
			path = CameraLiveCaptureTesting;
			sourceTree = "<group>";
		};
		E8F48AFF2B890940007C1D28 /* Preview Content */ = {
			isa = PBXGroup;
			children = (
				E8F48B002B890940007C1D28 /* Preview Assets.xcassets */,
			);
			path = "Preview Content";
			sourceTree = "<group>";
		};
		E8F48B0F2B891A72007C1D28 /* Extensions */ = {
			isa = PBXGroup;
			children = (
				E8F48B092B8918E5007C1D28 /* UIDeviceOrientation+videoRotationAngle.swift */,
			);
			path = Extensions;
			sourceTree = "<group>";
		};
		E8F48B102B891A7E007C1D28 /* App */ = {
			isa = PBXGroup;
			children = (
				E8F48AF92B89093F007C1D28 /* CameraLiveCaptureTestingApp.swift */,
			);
			path = App;
			sourceTree = "<group>";
		};
		E8F48B112B891A91007C1D28 /* Views */ = {
			isa = PBXGroup;
			children = (
				E8F48B122B891A9A007C1D28 /* Camera */,
				E8F48AFB2B89093F007C1D28 /* MainView.swift */,
			);
			path = Views;
			sourceTree = "<group>";
		};
		E8F48B122B891A9A007C1D28 /* Camera */ = {
			isa = PBXGroup;
			children = (
				E8F48B072B891850007C1D28 /* CameraPreview.swift */,
				E8F48B0B2B891908007C1D28 /* CameraView.swift */,
			);
			path = Camera;
			sourceTree = "<group>";
		};
		E8F48B132B891AA6007C1D28 /* ViewModel */ = {
			isa = PBXGroup;
			children = (
				E8F48B0D2B8919B8007C1D28 /* CameraViewModel.swift */,
			);
			path = ViewModel;
			sourceTree = "<group>";
		};
/* End PBXGroup section */

/* Begin PBXNativeTarget section */
		E8F48AF52B89093F007C1D28 /* CameraLiveCaptureTesting */ = {
			isa = PBXNativeTarget;
			buildConfigurationList = E8F48B042B890940007C1D28 /* Build configuration list for PBXNativeTarget "CameraLiveCaptureTesting" */;
			buildPhases = (
				E8F48AF22B89093F007C1D28 /* Sources */,
				E8F48AF32B89093F007C1D28 /* Frameworks */,
				E8F48AF42B89093F007C1D28 /* Resources */,
			);
			buildRules = (
			);
			dependencies = (
			);
			name = CameraLiveCaptureTesting;
			productName = CameraLiveCaptureTesting;
			productReference = E8F48AF62B89093F007C1D28 /* CameraLiveCaptureTesting.app */;
			productType = "com.apple.product-type.application";
		};
/* End PBXNativeTarget section */

/* Begin PBXProject section */
		E8F48AEE2B89093F007C1D28 /* Project object */ = {
			isa = PBXProject;
			attributes = {
				BuildIndependentTargetsInParallel = 1;
				LastSwiftUpdateCheck = 1520;
				LastUpgradeCheck = 1520;
				TargetAttributes = {
					E8F48AF52B89093F007C1D28 = {
						CreatedOnToolsVersion = 15.2;
					};
				};
			};
			buildConfigurationList = E8F48AF12B89093F007C1D28 /* Build configuration list for PBXProject "CameraLiveCaptureTesting" */;
			compatibilityVersion = "Xcode 14.0";
			developmentRegion = en;
			hasScannedForEncodings = 0;
			knownRegions = (
				en,
				Base,
			);
			mainGroup = E8F48AED2B89093F007C1D28;
			productRefGroup = E8F48AF72B89093F007C1D28 /* Products */;
			projectDirPath = "";
			projectRoot = "";
			targets = (
				E8F48AF52B89093F007C1D28 /* CameraLiveCaptureTesting */,
			);
		};
/* End PBXProject section */

/* Begin PBXResourcesBuildPhase section */
		E8F48AF42B89093F007C1D28 /* Resources */ = {
			isa = PBXResourcesBuildPhase;
			buildActionMask = 2147483647;
			files = (
				E8F48B012B890940007C1D28 /* Preview Assets.xcassets in Resources */,
				E8F48AFE2B890940007C1D28 /* Assets.xcassets in Resources */,
			);
			runOnlyForDeploymentPostprocessing = 0;
		};
/* End PBXResourcesBuildPhase section */

/* Begin PBXSourcesBuildPhase section */
		E8F48AF22B89093F007C1D28 /* Sources */ = {
			isa = PBXSourcesBuildPhase;
			buildActionMask = 2147483647;
			files = (
				E8F48B082B891850007C1D28 /* CameraPreview.swift in Sources */,
				E8F48AFC2B89093F007C1D28 /* MainView.swift in Sources */,
				E8F48B0A2B8918E5007C1D28 /* UIDeviceOrientation+videoRotationAngle.swift in Sources */,
				E8F48B0C2B891908007C1D28 /* CameraView.swift in Sources */,
				E8F48AFA2B89093F007C1D28 /* CameraLiveCaptureTestingApp.swift in Sources */,
				E8F48B0E2B8919B8007C1D28 /* CameraViewModel.swift in Sources */,
			);
			runOnlyForDeploymentPostprocessing = 0;
		};
/* End PBXSourcesBuildPhase section */

/* Begin XCBuildConfiguration section */
		E8F48B022B890940007C1D28 /* Debug */ = {
			isa = XCBuildConfiguration;
			buildSettings = {
				ALWAYS_SEARCH_USER_PATHS = NO;
				ASSETCATALOG_COMPILER_GENERATE_SWIFT_ASSET_SYMBOL_EXTENSIONS = YES;
				CLANG_ANALYZER_NONNULL = YES;
				CLANG_ANALYZER_NUMBER_OBJECT_CONVERSION = YES_AGGRESSIVE;
				CLANG_CXX_LANGUAGE_STANDARD = "gnu++20";
				CLANG_ENABLE_MODULES = YES;
				CLANG_ENABLE_OBJC_ARC = YES;
				CLANG_ENABLE_OBJC_WEAK = YES;
				CLANG_WARN_BLOCK_CAPTURE_AUTORELEASING = YES;
				CLANG_WARN_BOOL_CONVERSION = YES;
				CLANG_WARN_COMMA = YES;
				CLANG_WARN_CONSTANT_CONVERSION = YES;
				CLANG_WARN_DEPRECATED_OBJC_IMPLEMENTATIONS = YES;
				CLANG_WARN_DIRECT_OBJC_ISA_USAGE = YES_ERROR;
				CLANG_WARN_DOCUMENTATION_COMMENTS = YES;
				CLANG_WARN_EMPTY_BODY = YES;
				CLANG_WARN_ENUM_CONVERSION = YES;
				CLANG_WARN_INFINITE_RECURSION = YES;
				CLANG_WARN_INT_CONVERSION = YES;
				CLANG_WARN_NON_LITERAL_NULL_CONVERSION = YES;
				CLANG_WARN_OBJC_IMPLICIT_RETAIN_SELF = YES;
				CLANG_WARN_OBJC_LITERAL_CONVERSION = YES;
				CLANG_WARN_OBJC_ROOT_CLASS = YES_ERROR;
				CLANG_WARN_QUOTED_INCLUDE_IN_FRAMEWORK_HEADER = YES;
				CLANG_WARN_RANGE_LOOP_ANALYSIS = YES;
				CLANG_WARN_STRICT_PROTOTYPES = YES;
				CLANG_WARN_SUSPICIOUS_MOVE = YES;
				CLANG_WARN_UNGUARDED_AVAILABILITY = YES_AGGRESSIVE;
				CLANG_WARN_UNREACHABLE_CODE = YES;
				CLANG_WARN__DUPLICATE_METHOD_MATCH = YES;
				COPY_PHASE_STRIP = NO;
				DEBUG_INFORMATION_FORMAT = dwarf;
				ENABLE_STRICT_OBJC_MSGSEND = YES;
				ENABLE_TESTABILITY = YES;
				ENABLE_USER_SCRIPT_SANDBOXING = YES;
				GCC_C_LANGUAGE_STANDARD = gnu17;
				GCC_DYNAMIC_NO_PIC = NO;
				GCC_NO_COMMON_BLOCKS = YES;
				GCC_OPTIMIZATION_LEVEL = 0;
				GCC_PREPROCESSOR_DEFINITIONS = (
					"DEBUG=1",
					"$(inherited)",
				);
				GCC_WARN_64_TO_32_BIT_CONVERSION = YES;
				GCC_WARN_ABOUT_RETURN_TYPE = YES_ERROR;
				GCC_WARN_UNDECLARED_SELECTOR = YES;
				GCC_WARN_UNINITIALIZED_AUTOS = YES_AGGRESSIVE;
				GCC_WARN_UNUSED_FUNCTION = YES;
				GCC_WARN_UNUSED_VARIABLE = YES;
				IPHONEOS_DEPLOYMENT_TARGET = 17.2;
				LOCALIZATION_PREFERS_STRING_CATALOGS = YES;
				MTL_ENABLE_DEBUG_INFO = INCLUDE_SOURCE;
				MTL_FAST_MATH = YES;
				ONLY_ACTIVE_ARCH = YES;
				SDKROOT = iphoneos;
				SWIFT_ACTIVE_COMPILATION_CONDITIONS = "DEBUG $(inherited)";
				SWIFT_OPTIMIZATION_LEVEL = "-Onone";
			};
			name = Debug;
		};
		E8F48B032B890940007C1D28 /* Release */ = {
			isa = XCBuildConfiguration;
			buildSettings = {
				ALWAYS_SEARCH_USER_PATHS = NO;
				ASSETCATALOG_COMPILER_GENERATE_SWIFT_ASSET_SYMBOL_EXTENSIONS = YES;
				CLANG_ANALYZER_NONNULL = YES;
				CLANG_ANALYZER_NUMBER_OBJECT_CONVERSION = YES_AGGRESSIVE;
				CLANG_CXX_LANGUAGE_STANDARD = "gnu++20";
				CLANG_ENABLE_MODULES = YES;
				CLANG_ENABLE_OBJC_ARC = YES;
				CLANG_ENABLE_OBJC_WEAK = YES;
				CLANG_WARN_BLOCK_CAPTURE_AUTORELEASING = YES;
				CLANG_WARN_BOOL_CONVERSION = YES;
				CLANG_WARN_COMMA = YES;
				CLANG_WARN_CONSTANT_CONVERSION = YES;
				CLANG_WARN_DEPRECATED_OBJC_IMPLEMENTATIONS = YES;
				CLANG_WARN_DIRECT_OBJC_ISA_USAGE = YES_ERROR;
				CLANG_WARN_DOCUMENTATION_COMMENTS = YES;
				CLANG_WARN_EMPTY_BODY = YES;
				CLANG_WARN_ENUM_CONVERSION = YES;
				CLANG_WARN_INFINITE_RECURSION = YES;
				CLANG_WARN_INT_CONVERSION = YES;
				CLANG_WARN_NON_LITERAL_NULL_CONVERSION = YES;
				CLANG_WARN_OBJC_IMPLICIT_RETAIN_SELF = YES;
				CLANG_WARN_OBJC_LITERAL_CONVERSION = YES;
				CLANG_WARN_OBJC_ROOT_CLASS = YES_ERROR;
				CLANG_WARN_QUOTED_INCLUDE_IN_FRAMEWORK_HEADER = YES;
				CLANG_WARN_RANGE_LOOP_ANALYSIS = YES;
				CLANG_WARN_STRICT_PROTOTYPES = YES;
				CLANG_WARN_SUSPICIOUS_MOVE = YES;
				CLANG_WARN_UNGUARDED_AVAILABILITY = YES_AGGRESSIVE;
				CLANG_WARN_UNREACHABLE_CODE = YES;
				CLANG_WARN__DUPLICATE_METHOD_MATCH = YES;
				COPY_PHASE_STRIP = NO;
				DEBUG_INFORMATION_FORMAT = "dwarf-with-dsym";
				ENABLE_NS_ASSERTIONS = NO;
				ENABLE_STRICT_OBJC_MSGSEND = YES;
				ENABLE_USER_SCRIPT_SANDBOXING = YES;
				GCC_C_LANGUAGE_STANDARD = gnu17;
				GCC_NO_COMMON_BLOCKS = YES;
				GCC_WARN_64_TO_32_BIT_CONVERSION = YES;
				GCC_WARN_ABOUT_RETURN_TYPE = YES_ERROR;
				GCC_WARN_UNDECLARED_SELECTOR = YES;
				GCC_WARN_UNINITIALIZED_AUTOS = YES_AGGRESSIVE;
				GCC_WARN_UNUSED_FUNCTION = YES;
				GCC_WARN_UNUSED_VARIABLE = YES;
				IPHONEOS_DEPLOYMENT_TARGET = 17.2;
				LOCALIZATION_PREFERS_STRING_CATALOGS = YES;
				MTL_ENABLE_DEBUG_INFO = NO;
				MTL_FAST_MATH = YES;
				SDKROOT = iphoneos;
				SWIFT_COMPILATION_MODE = wholemodule;
				VALIDATE_PRODUCT = YES;
			};
			name = Release;
		};
		E8F48B052B890940007C1D28 /* Debug */ = {
			isa = XCBuildConfiguration;
			buildSettings = {
				ASSETCATALOG_COMPILER_APPICON_NAME = AppIcon;
				ASSETCATALOG_COMPILER_GLOBAL_ACCENT_COLOR_NAME = AccentColor;
				CODE_SIGN_STYLE = Automatic;
				CURRENT_PROJECT_VERSION = 1;
				DEVELOPMENT_ASSET_PATHS = "\"CameraLiveCaptureTesting/Preview Content\"";
				DEVELOPMENT_TEAM = RAG47DD75D;
				ENABLE_PREVIEWS = YES;
				GENERATE_INFOPLIST_FILE = YES;
				INFOPLIST_KEY_NSCameraUsageDescription = "Use camera for live preview";
				INFOPLIST_KEY_UIApplicationSceneManifest_Generation = YES;
				INFOPLIST_KEY_UIApplicationSupportsIndirectInputEvents = YES;
				INFOPLIST_KEY_UILaunchScreen_Generation = YES;
				INFOPLIST_KEY_UISupportedInterfaceOrientations_iPad = "UIInterfaceOrientationPortrait UIInterfaceOrientationPortraitUpsideDown UIInterfaceOrientationLandscapeLeft UIInterfaceOrientationLandscapeRight";
				INFOPLIST_KEY_UISupportedInterfaceOrientations_iPhone = "UIInterfaceOrientationPortrait UIInterfaceOrientationLandscapeLeft UIInterfaceOrientationLandscapeRight";
				LD_RUNPATH_SEARCH_PATHS = (
					"$(inherited)",
					"@executable_path/Frameworks",
				);
				MARKETING_VERSION = 1.0;
				PRODUCT_BUNDLE_IDENTIFIER = fabiofreitas.CameraLiveCaptureTesting;
				PRODUCT_NAME = "$(TARGET_NAME)";
				SWIFT_EMIT_LOC_STRINGS = YES;
				SWIFT_VERSION = 5.0;
				TARGETED_DEVICE_FAMILY = "1,2";
			};
			name = Debug;
		};
		E8F48B062B890940007C1D28 /* Release */ = {
			isa = XCBuildConfiguration;
			buildSettings = {
				ASSETCATALOG_COMPILER_APPICON_NAME = AppIcon;
				ASSETCATALOG_COMPILER_GLOBAL_ACCENT_COLOR_NAME = AccentColor;
				CODE_SIGN_STYLE = Automatic;
				CURRENT_PROJECT_VERSION = 1;
				DEVELOPMENT_ASSET_PATHS = "\"CameraLiveCaptureTesting/Preview Content\"";
				DEVELOPMENT_TEAM = RAG47DD75D;
				ENABLE_PREVIEWS = YES;
				GENERATE_INFOPLIST_FILE = YES;
				INFOPLIST_KEY_NSCameraUsageDescription = "Use camera for live preview";
				INFOPLIST_KEY_UIApplicationSceneManifest_Generation = YES;
				INFOPLIST_KEY_UIApplicationSupportsIndirectInputEvents = YES;
				INFOPLIST_KEY_UILaunchScreen_Generation = YES;
				INFOPLIST_KEY_UISupportedInterfaceOrientations_iPad = "UIInterfaceOrientationPortrait UIInterfaceOrientationPortraitUpsideDown UIInterfaceOrientationLandscapeLeft UIInterfaceOrientationLandscapeRight";
				INFOPLIST_KEY_UISupportedInterfaceOrientations_iPhone = "UIInterfaceOrientationPortrait UIInterfaceOrientationLandscapeLeft UIInterfaceOrientationLandscapeRight";
				LD_RUNPATH_SEARCH_PATHS = (
					"$(inherited)",
					"@executable_path/Frameworks",
				);
				MARKETING_VERSION = 1.0;
				PRODUCT_BUNDLE_IDENTIFIER = fabiofreitas.CameraLiveCaptureTesting;
				PRODUCT_NAME = "$(TARGET_NAME)";
				SWIFT_EMIT_LOC_STRINGS = YES;
				SWIFT_VERSION = 5.0;
				TARGETED_DEVICE_FAMILY = "1,2";
			};
			name = Release;
		};
/* End XCBuildConfiguration section */

/* Begin XCConfigurationList section */
		E8F48AF12B89093F007C1D28 /* Build configuration list for PBXProject "CameraLiveCaptureTesting" */ = {
			isa = XCConfigurationList;
			buildConfigurations = (
				E8F48B022B890940007C1D28 /* Debug */,
				E8F48B032B890940007C1D28 /* Release */,
			);
			defaultConfigurationIsVisible = 0;
			defaultConfigurationName = Release;
		};
		E8F48B042B890940007C1D28 /* Build configuration list for PBXNativeTarget "CameraLiveCaptureTesting" */ = {
			isa = XCConfigurationList;
			buildConfigurations = (
				E8F48B052B890940007C1D28 /* Debug */,
				E8F48B062B890940007C1D28 /* Release */,
			);
			defaultConfigurationIsVisible = 0;
			defaultConfigurationName = Release;
		};
/* End XCConfigurationList section */
	};
	rootObject = E8F48AEE2B89093F007C1D28 /* Project object */;
}
